
Microsoft Visual Studio Solution File, Format Version 12.00
# Visual Studio Version 17
VisualStudioVersion = 17.5.002.0
MinimumVisualStudioVersion = 10.0.40219.1
Project("{9A19103F-16F7-4668-BE54-9A1E7A4F7556}") = "Catalog", "Catalog.Api.csproj", "{D1FF3720-44B9-4F71-A9D1-2E9678D99DEA}"
EndProject
Global
	GlobalSection(SolutionConfigurationPlatforms) = preSolution
		Debug|Any CPU = Debug|Any CPU
		Release|Any CPU = Release|Any CPU
	EndGlobalSection
	GlobalSection(ProjectConfigurationPlatforms) = postSolution
		{D1FF3720-44B9-4F71-A9D1-2E9678D99DEA}.Debug|Any CPU.ActiveCfg = Debug|Any CPU
		{D1FF3720-44B9-4F71-A9D1-2E9678D99DEA}.Debug|Any CPU.Build.0 = Debug|Any CPU
		{D1FF3720-44B9-4F71-A9D1-2E9678D99DEA}.Release|Any CPU.ActiveCfg = Release|Any CPU
		{D1FF3720-44B9-4F71-A9D1-2E9678D99DEA}.Release|Any CPU.Build.0 = Release|Any CPU
	EndGlobalSection
	GlobalSection(SolutionProperties) = preSolution
		HideSolutionNode = FALSE
	EndGlobalSection
	GlobalSection(ExtensibilityGlobals) = postSolution
		SolutionGuid = {1AC139FD-8033-4253-AA67-56273CDB4A51}
	EndGlobalSection
EndGlobal
